// !$*UTF8*$!
{
	archiveVersion = 1;
	classes = {
	};
	objectVersion = 56;
	objects = {

/* Begin PBXBuildFile section */
		7F3CDA3B2AF677A10095E9D4 /* TouchdownApp.swift in Sources */ = {isa = PBXBuildFile; fileRef = 7F3CDA3A2AF677A10095E9D4 /* TouchdownApp.swift */; };
		7F3CDA3D2AF677A10095E9D4 /* ContentView.swift in Sources */ = {isa = PBXBuildFile; fileRef = 7F3CDA3C2AF677A10095E9D4 /* ContentView.swift */; };
		7F3CDA3F2AF677A20095E9D4 /* Assets.xcassets in Resources */ = {isa = PBXBuildFile; fileRef = 7F3CDA3E2AF677A20095E9D4 /* Assets.xcassets */; };
		7F3CDA422AF677A20095E9D4 /* Preview Assets.xcassets in Resources */ = {isa = PBXBuildFile; fileRef = 7F3CDA412AF677A20095E9D4 /* Preview Assets.xcassets */; };
		7F3CDA4C2AF678E10095E9D4 /* brand.json in Resources */ = {isa = PBXBuildFile; fileRef = 7F3CDA482AF678E10095E9D4 /* brand.json */; };
		7F3CDA4D2AF678E10095E9D4 /* product.json in Resources */ = {isa = PBXBuildFile; fileRef = 7F3CDA492AF678E10095E9D4 /* product.json */; };
		7F3CDA4E2AF678E10095E9D4 /* player.json in Resources */ = {isa = PBXBuildFile; fileRef = 7F3CDA4A2AF678E10095E9D4 /* player.json */; };
		7F3CDA4F2AF678E10095E9D4 /* category.json in Resources */ = {isa = PBXBuildFile; fileRef = 7F3CDA4B2AF678E10095E9D4 /* category.json */; };
		7F8D0D3A2AF67AC800BDF236 /* Constant.swift in Sources */ = {isa = PBXBuildFile; fileRef = 7F8D0D392AF67AC800BDF236 /* Constant.swift */; };
		7F8D0D3C2AF67BB700BDF236 /* FooterView.swift in Sources */ = {isa = PBXBuildFile; fileRef = 7F8D0D3B2AF67BB700BDF236 /* FooterView.swift */; };
		7F8D0D402AF683FA00BDF236 /* NavigationBarView.swift in Sources */ = {isa = PBXBuildFile; fileRef = 7F8D0D3F2AF683FA00BDF236 /* NavigationBarView.swift */; };
		7F8D0D422AF90CDA00BDF236 /* LogoVIew.swift in Sources */ = {isa = PBXBuildFile; fileRef = 7F8D0D412AF90CDA00BDF236 /* LogoVIew.swift */; };
		7F8D0D442AF91BC300BDF236 /* PlayerModel.swift in Sources */ = {isa = PBXBuildFile; fileRef = 7F8D0D432AF91BC300BDF236 /* PlayerModel.swift */; };
		7F8D0D462AF91C0700BDF236 /* CodableBundleExntension.swift in Sources */ = {isa = PBXBuildFile; fileRef = 7F8D0D452AF91C0700BDF236 /* CodableBundleExntension.swift */; };
		7F8D0D482AF91D6D00BDF236 /* FeaturedItemView.swift in Sources */ = {isa = PBXBuildFile; fileRef = 7F8D0D472AF91D6C00BDF236 /* FeaturedItemView.swift */; };
		7F8D0D4A2AF91E2F00BDF236 /* FeaturedTabView.swift in Sources */ = {isa = PBXBuildFile; fileRef = 7F8D0D492AF91E2F00BDF236 /* FeaturedTabView.swift */; };
/* End PBXBuildFile section */

/* Begin PBXFileReference section */
		7F3CDA372AF677A10095E9D4 /* Touchdown.app */ = {isa = PBXFileReference; explicitFileType = wrapper.application; includeInIndex = 0; path = Touchdown.app; sourceTree = BUILT_PRODUCTS_DIR; };
		7F3CDA3A2AF677A10095E9D4 /* TouchdownApp.swift */ = {isa = PBXFileReference; lastKnownFileType = sourcecode.swift; path = TouchdownApp.swift; sourceTree = "<group>"; };
		7F3CDA3C2AF677A10095E9D4 /* ContentView.swift */ = {isa = PBXFileReference; lastKnownFileType = sourcecode.swift; path = ContentView.swift; sourceTree = "<group>"; };
		7F3CDA3E2AF677A20095E9D4 /* Assets.xcassets */ = {isa = PBXFileReference; lastKnownFileType = folder.assetcatalog; path = Assets.xcassets; sourceTree = "<group>"; };
		7F3CDA412AF677A20095E9D4 /* Preview Assets.xcassets */ = {isa = PBXFileReference; lastKnownFileType = folder.assetcatalog; path = "Preview Assets.xcassets"; sourceTree = "<group>"; };
		7F3CDA482AF678E10095E9D4 /* brand.json */ = {isa = PBXFileReference; fileEncoding = 4; lastKnownFileType = text.json; path = brand.json; sourceTree = "<group>"; };
		7F3CDA492AF678E10095E9D4 /* product.json */ = {isa = PBXFileReference; fileEncoding = 4; lastKnownFileType = text.json; path = product.json; sourceTree = "<group>"; };
		7F3CDA4A2AF678E10095E9D4 /* player.json */ = {isa = PBXFileReference; fileEncoding = 4; lastKnownFileType = text.json; path = player.json; sourceTree = "<group>"; };
		7F3CDA4B2AF678E10095E9D4 /* category.json */ = {isa = PBXFileReference; fileEncoding = 4; lastKnownFileType = text.json; path = category.json; sourceTree = "<group>"; };
		7F3CDA512AF6792A0095E9D4 /* Info.plist */ = {isa = PBXFileReference; lastKnownFileType = text.plist; path = Info.plist; sourceTree = "<group>"; };
		7F8D0D392AF67AC800BDF236 /* Constant.swift */ = {isa = PBXFileReference; lastKnownFileType = sourcecode.swift; path = Constant.swift; sourceTree = "<group>"; };
		7F8D0D3B2AF67BB700BDF236 /* FooterView.swift */ = {isa = PBXFileReference; lastKnownFileType = sourcecode.swift; path = FooterView.swift; sourceTree = "<group>"; };
		7F8D0D3F2AF683FA00BDF236 /* NavigationBarView.swift */ = {isa = PBXFileReference; lastKnownFileType = sourcecode.swift; path = NavigationBarView.swift; sourceTree = "<group>"; };
		7F8D0D412AF90CDA00BDF236 /* LogoVIew.swift */ = {isa = PBXFileReference; lastKnownFileType = sourcecode.swift; path = LogoVIew.swift; sourceTree = "<group>"; };
		7F8D0D432AF91BC300BDF236 /* PlayerModel.swift */ = {isa = PBXFileReference; lastKnownFileType = sourcecode.swift; path = PlayerModel.swift; sourceTree = SOURCE_ROOT; };
		7F8D0D452AF91C0700BDF236 /* CodableBundleExntension.swift */ = {isa = PBXFileReference; lastKnownFileType = sourcecode.swift; name = CodableBundleExntension.swift; path = Touchdown/Model/CodableBundleExntension.swift; sourceTree = SOURCE_ROOT; };
		7F8D0D472AF91D6C00BDF236 /* FeaturedItemView.swift */ = {isa = PBXFileReference; lastKnownFileType = sourcecode.swift; name = FeaturedItemView.swift; path = Touchdown/Utility/FeaturedItemView.swift; sourceTree = SOURCE_ROOT; };
		7F8D0D492AF91E2F00BDF236 /* FeaturedTabView.swift */ = {isa = PBXFileReference; lastKnownFileType = sourcecode.swift; path = FeaturedTabView.swift; sourceTree = "<group>"; };
/* End PBXFileReference section */

/* Begin PBXFrameworksBuildPhase section */
		7F3CDA342AF677A10095E9D4 /* Frameworks */ = {
			isa = PBXFrameworksBuildPhase;
			buildActionMask = 2147483647;
			files = (
			);
			runOnlyForDeploymentPostprocessing = 0;
		};
/* End PBXFrameworksBuildPhase section */

/* Begin PBXGroup section */
		7F3CDA2E2AF677A10095E9D4 = {
			isa = PBXGroup;
			children = (
				7F3CDA392AF677A10095E9D4 /* Touchdown */,
				7F3CDA382AF677A10095E9D4 /* Products */,
			);
			sourceTree = "<group>";
		};
		7F3CDA382AF677A10095E9D4 /* Products */ = {
			isa = PBXGroup;
			children = (
				7F3CDA372AF677A10095E9D4 /* Touchdown.app */,
			);
			name = Products;
			sourceTree = "<group>";
		};
		7F3CDA392AF677A10095E9D4 /* Touchdown */ = {
			isa = PBXGroup;
			children = (
				7F3CDA522AF679DF0095E9D4 /* App */,
				7F3CDA532AF679EC0095E9D4 /* View */,
				7F3CDA502AF678EA0095E9D4 /* Data */,
				7F3CDA562AF679FF0095E9D4 /* Model */,
				7F3CDA572AF67A050095E9D4 /* Extension */,
				7F3CDA582AF67A100095E9D4 /* Utility */,
				7F3CDA512AF6792A0095E9D4 /* Info.plist */,
				7F3CDA3E2AF677A20095E9D4 /* Assets.xcassets */,
				7F3CDA402AF677A20095E9D4 /* Preview Content */,
			);
			path = Touchdown;
			sourceTree = "<group>";
		};
		7F3CDA402AF677A20095E9D4 /* Preview Content */ = {
			isa = PBXGroup;
			children = (
				7F3CDA412AF677A20095E9D4 /* Preview Assets.xcassets */,
			);
			path = "Preview Content";
			sourceTree = "<group>";
		};
		7F3CDA502AF678EA0095E9D4 /* Data */ = {
			isa = PBXGroup;
			children = (
				7F3CDA482AF678E10095E9D4 /* brand.json */,
				7F3CDA4B2AF678E10095E9D4 /* category.json */,
				7F3CDA4A2AF678E10095E9D4 /* player.json */,
				7F3CDA492AF678E10095E9D4 /* product.json */,
			);
			path = Data;
			sourceTree = "<group>";
		};
		7F3CDA522AF679DF0095E9D4 /* App */ = {
			isa = PBXGroup;
			children = (
				7F3CDA3A2AF677A10095E9D4 /* TouchdownApp.swift */,
				7F3CDA3C2AF677A10095E9D4 /* ContentView.swift */,
			);
			path = App;
			sourceTree = "<group>";
		};
		7F3CDA532AF679EC0095E9D4 /* View */ = {
			isa = PBXGroup;
			children = (
				7F3CDA552AF679F90095E9D4 /* Detail */,
				7F3CDA542AF679F20095E9D4 /* Home */,
			);
			path = View;
			sourceTree = "<group>";
		};
		7F3CDA542AF679F20095E9D4 /* Home */ = {
			isa = PBXGroup;
			children = (
				7F8D0D472AF91D6C00BDF236 /* FeaturedItemView.swift */,
				7F8D0D492AF91E2F00BDF236 /* FeaturedTabView.swift */,
				7F8D0D3B2AF67BB700BDF236 /* FooterView.swift */,
				7F8D0D3F2AF683FA00BDF236 /* NavigationBarView.swift */,
				7F8D0D412AF90CDA00BDF236 /* LogoVIew.swift */,
			);
			path = Home;
			sourceTree = "<group>";
		};
		7F3CDA552AF679F90095E9D4 /* Detail */ = {
			isa = PBXGroup;
			children = (
			);
			path = Detail;
			sourceTree = "<group>";
		};
		7F3CDA562AF679FF0095E9D4 /* Model */ = {
			isa = PBXGroup;
			children = (
				7F8D0D432AF91BC300BDF236 /* PlayerModel.swift */,
			);
			path = Model;
			sourceTree = "<group>";
		};
		7F3CDA572AF67A050095E9D4 /* Extension */ = {
			isa = PBXGroup;
			children = (
				7F8D0D452AF91C0700BDF236 /* CodableBundleExntension.swift */,
			);
			path = Extension;
			sourceTree = "<group>";
		};
		7F3CDA582AF67A100095E9D4 /* Utility */ = {
			isa = PBXGroup;
			children = (
				7F8D0D392AF67AC800BDF236 /* Constant.swift */,
			);
			path = Utility;
			sourceTree = "<group>";
		};
/* End PBXGroup section */

/* Begin PBXNativeTarget section */
		7F3CDA362AF677A10095E9D4 /* Touchdown */ = {
			isa = PBXNativeTarget;
			buildConfigurationList = 7F3CDA452AF677A20095E9D4 /* Build configuration list for PBXNativeTarget "Touchdown" */;
			buildPhases = (
				7F3CDA332AF677A10095E9D4 /* Sources */,
				7F3CDA342AF677A10095E9D4 /* Frameworks */,
				7F3CDA352AF677A10095E9D4 /* Resources */,
			);
			buildRules = (
			);
			dependencies = (
			);
			name = Touchdown;
			productName = Touchdown;
			productReference = 7F3CDA372AF677A10095E9D4 /* Touchdown.app */;
			productType = "com.apple.product-type.application";
		};
/* End PBXNativeTarget section */

/* Begin PBXProject section */
		7F3CDA2F2AF677A10095E9D4 /* Project object */ = {
			isa = PBXProject;
			attributes = {
				BuildIndependentTargetsInParallel = 1;
				LastSwiftUpdateCheck = 1500;
				LastUpgradeCheck = 1500;
				TargetAttributes = {
					7F3CDA362AF677A10095E9D4 = {
						CreatedOnToolsVersion = 15.0.1;
					};
				};
			};
			buildConfigurationList = 7F3CDA322AF677A10095E9D4 /* Build configuration list for PBXProject "Touchdown" */;
			compatibilityVersion = "Xcode 14.0";
			developmentRegion = en;
			hasScannedForEncodings = 0;
			knownRegions = (
				en,
				Base,
			);
			mainGroup = 7F3CDA2E2AF677A10095E9D4;
			productRefGroup = 7F3CDA382AF677A10095E9D4 /* Products */;
			projectDirPath = "";
			projectRoot = "";
			targets = (
				7F3CDA362AF677A10095E9D4 /* Touchdown */,
			);
		};
/* End PBXProject section */

/* Begin PBXResourcesBuildPhase section */
		7F3CDA352AF677A10095E9D4 /* Resources */ = {
			isa = PBXResourcesBuildPhase;
			buildActionMask = 2147483647;
			files = (
				7F3CDA4E2AF678E10095E9D4 /* player.json in Resources */,
				7F3CDA422AF677A20095E9D4 /* Preview Assets.xcassets in Resources */,
				7F3CDA4D2AF678E10095E9D4 /* product.json in Resources */,
				7F3CDA4F2AF678E10095E9D4 /* category.json in Resources */,
				7F3CDA3F2AF677A20095E9D4 /* Assets.xcassets in Resources */,
				7F3CDA4C2AF678E10095E9D4 /* brand.json in Resources */,
			);
			runOnlyForDeploymentPostprocessing = 0;
		};
/* End PBXResourcesBuildPhase section */

/* Begin PBXSourcesBuildPhase section */
		7F3CDA332AF677A10095E9D4 /* Sources */ = {
			isa = PBXSourcesBuildPhase;
			buildActionMask = 2147483647;
			files = (
				7F3CDA3D2AF677A10095E9D4 /* ContentView.swift in Sources */,
				7F8D0D422AF90CDA00BDF236 /* LogoVIew.swift in Sources */,
				7F8D0D3C2AF67BB700BDF236 /* FooterView.swift in Sources */,
				7F3CDA3B2AF677A10095E9D4 /* TouchdownApp.swift in Sources */,
				7F8D0D482AF91D6D00BDF236 /* FeaturedItemView.swift in Sources */,
				7F8D0D3A2AF67AC800BDF236 /* Constant.swift in Sources */,
				7F8D0D402AF683FA00BDF236 /* NavigationBarView.swift in Sources */,
				7F8D0D442AF91BC300BDF236 /* PlayerModel.swift in Sources */,
				7F8D0D4A2AF91E2F00BDF236 /* FeaturedTabView.swift in Sources */,
				7F8D0D462AF91C0700BDF236 /* CodableBundleExntension.swift in Sources */,
			);
			runOnlyForDeploymentPostprocessing = 0;
		};
/* End PBXSourcesBuildPhase section */

/* Begin XCBuildConfiguration section */
		7F3CDA432AF677A20095E9D4 /* Debug */ = {
			isa = XCBuildConfiguration;
			buildSettings = {
				ALWAYS_SEARCH_USER_PATHS = NO;
				ASSETCATALOG_COMPILER_GENERATE_SWIFT_ASSET_SYMBOL_EXTENSIONS = YES;
				CLANG_ANALYZER_NONNULL = YES;
				CLANG_ANALYZER_NUMBER_OBJECT_CONVERSION = YES_AGGRESSIVE;
				CLANG_CXX_LANGUAGE_STANDARD = "gnu++20";
				CLANG_ENABLE_MODULES = YES;
				CLANG_ENABLE_OBJC_ARC = YES;
				CLANG_ENABLE_OBJC_WEAK = YES;
				CLANG_WARN_BLOCK_CAPTURE_AUTORELEASING = YES;
				CLANG_WARN_BOOL_CONVERSION = YES;
				CLANG_WARN_COMMA = YES;
				CLANG_WARN_CONSTANT_CONVERSION = YES;
				CLANG_WARN_DEPRECATED_OBJC_IMPLEMENTATIONS = YES;
				CLANG_WARN_DIRECT_OBJC_ISA_USAGE = YES_ERROR;
				CLANG_WARN_DOCUMENTATION_COMMENTS = YES;
				CLANG_WARN_EMPTY_BODY = YES;
				CLANG_WARN_ENUM_CONVERSION = YES;
				CLANG_WARN_INFINITE_RECURSION = YES;
				CLANG_WARN_INT_CONVERSION = YES;
				CLANG_WARN_NON_LITERAL_NULL_CONVERSION = YES;
				CLANG_WARN_OBJC_IMPLICIT_RETAIN_SELF = YES;
				CLANG_WARN_OBJC_LITERAL_CONVERSION = YES;
				CLANG_WARN_OBJC_ROOT_CLASS = YES_ERROR;
				CLANG_WARN_QUOTED_INCLUDE_IN_FRAMEWORK_HEADER = YES;
				CLANG_WARN_RANGE_LOOP_ANALYSIS = YES;
				CLANG_WARN_STRICT_PROTOTYPES = YES;
				CLANG_WARN_SUSPICIOUS_MOVE = YES;
				CLANG_WARN_UNGUARDED_AVAILABILITY = YES_AGGRESSIVE;
				CLANG_WARN_UNREACHABLE_CODE = YES;
				CLANG_WARN__DUPLICATE_METHOD_MATCH = YES;
				COPY_PHASE_STRIP = NO;
				DEBUG_INFORMATION_FORMAT = dwarf;
				ENABLE_STRICT_OBJC_MSGSEND = YES;
				ENABLE_TESTABILITY = YES;
				ENABLE_USER_SCRIPT_SANDBOXING = YES;
				GCC_C_LANGUAGE_STANDARD = gnu17;
				GCC_DYNAMIC_NO_PIC = NO;
				GCC_NO_COMMON_BLOCKS = YES;
				GCC_OPTIMIZATION_LEVEL = 0;
				GCC_PREPROCESSOR_DEFINITIONS = (
					"DEBUG=1",
					"$(inherited)",
				);
				GCC_WARN_64_TO_32_BIT_CONVERSION = YES;
				GCC_WARN_ABOUT_RETURN_TYPE = YES_ERROR;
				GCC_WARN_UNDECLARED_SELECTOR = YES;
				GCC_WARN_UNINITIALIZED_AUTOS = YES_AGGRESSIVE;
				GCC_WARN_UNUSED_FUNCTION = YES;
				GCC_WARN_UNUSED_VARIABLE = YES;
				IPHONEOS_DEPLOYMENT_TARGET = 17.0;
				LOCALIZATION_PREFERS_STRING_CATALOGS = YES;
				MTL_ENABLE_DEBUG_INFO = INCLUDE_SOURCE;
				MTL_FAST_MATH = YES;
				ONLY_ACTIVE_ARCH = YES;
				SDKROOT = iphoneos;
				SWIFT_ACTIVE_COMPILATION_CONDITIONS = "DEBUG $(inherited)";
				SWIFT_OPTIMIZATION_LEVEL = "-Onone";
			};
			name = Debug;
		};
		7F3CDA442AF677A20095E9D4 /* Release */ = {
			isa = XCBuildConfiguration;
			buildSettings = {
				ALWAYS_SEARCH_USER_PATHS = NO;
				ASSETCATALOG_COMPILER_GENERATE_SWIFT_ASSET_SYMBOL_EXTENSIONS = YES;
				CLANG_ANALYZER_NONNULL = YES;
				CLANG_ANALYZER_NUMBER_OBJECT_CONVERSION = YES_AGGRESSIVE;
				CLANG_CXX_LANGUAGE_STANDARD = "gnu++20";
				CLANG_ENABLE_MODULES = YES;
				CLANG_ENABLE_OBJC_ARC = YES;
				CLANG_ENABLE_OBJC_WEAK = YES;
				CLANG_WARN_BLOCK_CAPTURE_AUTORELEASING = YES;
				CLANG_WARN_BOOL_CONVERSION = YES;
				CLANG_WARN_COMMA = YES;
				CLANG_WARN_CONSTANT_CONVERSION = YES;
				CLANG_WARN_DEPRECATED_OBJC_IMPLEMENTATIONS = YES;
				CLANG_WARN_DIRECT_OBJC_ISA_USAGE = YES_ERROR;
				CLANG_WARN_DOCUMENTATION_COMMENTS = YES;
				CLANG_WARN_EMPTY_BODY = YES;
				CLANG_WARN_ENUM_CONVERSION = YES;
				CLANG_WARN_INFINITE_RECURSION = YES;
				CLANG_WARN_INT_CONVERSION = YES;
				CLANG_WARN_NON_LITERAL_NULL_CONVERSION = YES;
				CLANG_WARN_OBJC_IMPLICIT_RETAIN_SELF = YES;
				CLANG_WARN_OBJC_LITERAL_CONVERSION = YES;
				CLANG_WARN_OBJC_ROOT_CLASS = YES_ERROR;
				CLANG_WARN_QUOTED_INCLUDE_IN_FRAMEWORK_HEADER = YES;
				CLANG_WARN_RANGE_LOOP_ANALYSIS = YES;
				CLANG_WARN_STRICT_PROTOTYPES = YES;
				CLANG_WARN_SUSPICIOUS_MOVE = YES;
				CLANG_WARN_UNGUARDED_AVAILABILITY = YES_AGGRESSIVE;
				CLANG_WARN_UNREACHABLE_CODE = YES;
				CLANG_WARN__DUPLICATE_METHOD_MATCH = YES;
				COPY_PHASE_STRIP = NO;
				DEBUG_INFORMATION_FORMAT = "dwarf-with-dsym";
				ENABLE_NS_ASSERTIONS = NO;
				ENABLE_STRICT_OBJC_MSGSEND = YES;
				ENABLE_USER_SCRIPT_SANDBOXING = YES;
				GCC_C_LANGUAGE_STANDARD = gnu17;
				GCC_NO_COMMON_BLOCKS = YES;
				GCC_WARN_64_TO_32_BIT_CONVERSION = YES;
				GCC_WARN_ABOUT_RETURN_TYPE = YES_ERROR;
				GCC_WARN_UNDECLARED_SELECTOR = YES;
				GCC_WARN_UNINITIALIZED_AUTOS = YES_AGGRESSIVE;
				GCC_WARN_UNUSED_FUNCTION = YES;
				GCC_WARN_UNUSED_VARIABLE = YES;
				IPHONEOS_DEPLOYMENT_TARGET = 17.0;
				LOCALIZATION_PREFERS_STRING_CATALOGS = YES;
				MTL_ENABLE_DEBUG_INFO = NO;
				MTL_FAST_MATH = YES;
				SDKROOT = iphoneos;
				SWIFT_COMPILATION_MODE = wholemodule;
				VALIDATE_PRODUCT = YES;
			};
			name = Release;
		};
		7F3CDA462AF677A20095E9D4 /* Debug */ = {
			isa = XCBuildConfiguration;
			buildSettings = {
				ASSETCATALOG_COMPILER_APPICON_NAME = AppIcon;
				ASSETCATALOG_COMPILER_GLOBAL_ACCENT_COLOR_NAME = AccentColor;
				CODE_SIGN_STYLE = Automatic;
				CURRENT_PROJECT_VERSION = 1;
				DEVELOPMENT_ASSET_PATHS = "\"Touchdown/Preview Content\"";
				DEVELOPMENT_TEAM = EPMT7DEL43;
				ENABLE_PREVIEWS = YES;
				GENERATE_INFOPLIST_FILE = YES;
				INFOPLIST_FILE = Touchdown/Info.plist;
				INFOPLIST_KEY_UIApplicationSceneManifest_Generation = YES;
				INFOPLIST_KEY_UIApplicationSupportsIndirectInputEvents = YES;
				INFOPLIST_KEY_UISupportedInterfaceOrientations = UIInterfaceOrientationPortrait;
				INFOPLIST_KEY_UIUserInterfaceStyle = Light;
				LD_RUNPATH_SEARCH_PATHS = (
					"$(inherited)",
					"@executable_path/Frameworks",
				);
				MARKETING_VERSION = 1.0;
				PRODUCT_BUNDLE_IDENTIFIER = Tapawan.Touchdown;
				PRODUCT_NAME = "$(TARGET_NAME)";
				SWIFT_EMIT_LOC_STRINGS = YES;
				SWIFT_VERSION = 5.0;
				TARGETED_DEVICE_FAMILY = "1,2";
			};
			name = Debug;
		};
		7F3CDA472AF677A20095E9D4 /* Release */ = {
			isa = XCBuildConfiguration;
			buildSettings = {
				ASSETCATALOG_COMPILER_APPICON_NAME = AppIcon;
				ASSETCATALOG_COMPILER_GLOBAL_ACCENT_COLOR_NAME = AccentColor;
				CODE_SIGN_STYLE = Automatic;
				CURRENT_PROJECT_VERSION = 1;
				DEVELOPMENT_ASSET_PATHS = "\"Touchdown/Preview Content\"";
				DEVELOPMENT_TEAM = EPMT7DEL43;
				ENABLE_PREVIEWS = YES;
				GENERATE_INFOPLIST_FILE = YES;
				INFOPLIST_FILE = Touchdown/Info.plist;
				INFOPLIST_KEY_UIApplicationSceneManifest_Generation = YES;
				INFOPLIST_KEY_UIApplicationSupportsIndirectInputEvents = YES;
				INFOPLIST_KEY_UISupportedInterfaceOrientations = UIInterfaceOrientationPortrait;
				INFOPLIST_KEY_UIUserInterfaceStyle = Light;
				LD_RUNPATH_SEARCH_PATHS = (
					"$(inherited)",
					"@executable_path/Frameworks",
				);
				MARKETING_VERSION = 1.0;
				PRODUCT_BUNDLE_IDENTIFIER = Tapawan.Touchdown;
				PRODUCT_NAME = "$(TARGET_NAME)";
				SWIFT_EMIT_LOC_STRINGS = YES;
				SWIFT_VERSION = 5.0;
				TARGETED_DEVICE_FAMILY = "1,2";
			};
			name = Release;
		};
/* End XCBuildConfiguration section */

/* Begin XCConfigurationList section */
		7F3CDA322AF677A10095E9D4 /* Build configuration list for PBXProject "Touchdown" */ = {
			isa = XCConfigurationList;
			buildConfigurations = (
				7F3CDA432AF677A20095E9D4 /* Debug */,
				7F3CDA442AF677A20095E9D4 /* Release */,
			);
			defaultConfigurationIsVisible = 0;
			defaultConfigurationName = Release;
		};
		7F3CDA452AF677A20095E9D4 /* Build configuration list for PBXNativeTarget "Touchdown" */ = {
			isa = XCConfigurationList;
			buildConfigurations = (
				7F3CDA462AF677A20095E9D4 /* Debug */,
				7F3CDA472AF677A20095E9D4 /* Release */,
			);
			defaultConfigurationIsVisible = 0;
			defaultConfigurationName = Release;
		};
/* End XCConfigurationList section */
	};
	rootObject = 7F3CDA2F2AF677A10095E9D4 /* Project object */;
}
